
Microsoft Visual Studio Solution File, Format Version 12.00
# Visual Studio Version 16
VisualStudioVersion = 16.0.32106.194
MinimumVisualStudioVersion = 10.0.40219.1
Project("{9A19103F-16F7-4668-BE54-9A1E7A4F7556}") = "Prateleira", "prateleira\Prateleira.csproj", "{B73B46C6-B8F1-41E5-8DBB-9F82E674D587}"
EndProject
Project("{FAE04EC0-301F-11D3-BF4B-00C04F79EFBC}") = "WebApplication", "..\WebApplication\WebApplication.csproj", "{8DCB5239-8E84-49F4-B813-CD7904C81730}"
EndProject
Global
	GlobalSection(SolutionConfigurationPlatforms) = preSolution
		Debug|Any CPU = Debug|Any CPU
		Release|Any CPU = Release|Any CPU
	EndGlobalSection
	GlobalSection(ProjectConfigurationPlatforms) = postSolution
		{B73B46C6-B8F1-41E5-8DBB-9F82E674D587}.Debug|Any CPU.ActiveCfg = Debug|Any CPU
		{B73B46C6-B8F1-41E5-8DBB-9F82E674D587}.Debug|Any CPU.Build.0 = Debug|Any CPU
		{B73B46C6-B8F1-41E5-8DBB-9F82E674D587}.Release|Any CPU.ActiveCfg = Release|Any CPU
		{B73B46C6-B8F1-41E5-8DBB-9F82E674D587}.Release|Any CPU.Build.0 = Release|Any CPU
		{8DCB5239-8E84-49F4-B813-CD7904C81730}.Debug|Any CPU.ActiveCfg = Debug|Any CPU
		{8DCB5239-8E84-49F4-B813-CD7904C81730}.Debug|Any CPU.Build.0 = Debug|Any CPU
		{8DCB5239-8E84-49F4-B813-CD7904C81730}.Release|Any CPU.ActiveCfg = Release|Any CPU
		{8DCB5239-8E84-49F4-B813-CD7904C81730}.Release|Any CPU.Build.0 = Release|Any CPU
	EndGlobalSection
	GlobalSection(SolutionProperties) = preSolution
		HideSolutionNode = FALSE
	EndGlobalSection
	GlobalSection(ExtensibilityGlobals) = postSolution
		SolutionGuid = {62F27E63-0D62-4165-B4C2-8F569956AE10}
	EndGlobalSection
EndGlobal
